schema: 1
standards-version: '129'
applied: '2026-04-25T04:42:49.138580Z'
files:
  .gitignore:
    tier: tracked-block
    template-sha: sha256:6426169c973d7c3b610e89b032b05d791a9a1dafe38bed939e8c04b01eb799ea
    applied-sha: sha256:6426169c973d7c3b610e89b032b05d791a9a1dafe38bed939e8c04b01eb799ea
  versions-upgrade-rules.yaml:
    tier: tracked
    template-sha: sha256:8abeed57639896a50c0c3cb75bf2478658b149a9ee41193065eb4dab6543fc2d
    applied-sha: sha256:8abeed57639896a50c0c3cb75bf2478658b149a9ee41193065eb4dab6543fc2d
