schema: 1
standards-version: '130'
applied: '2026-04-25T18:01:09.425420Z'
files:
  .gitignore:
    tier: tracked-block
    template-sha: sha256:96b4cb1bc0ac5d77d12e6921e6ae577328b354f3525d5db24725d1205c072b0b
    applied-sha: sha256:96b4cb1bc0ac5d77d12e6921e6ae577328b354f3525d5db24725d1205c072b0b
  versions-upgrade-rules.yaml:
    tier: tracked
    template-sha: sha256:8abeed57639896a50c0c3cb75bf2478658b149a9ee41193065eb4dab6543fc2d
    applied-sha: sha256:8abeed57639896a50c0c3cb75bf2478658b149a9ee41193065eb4dab6543fc2d
